
Microsoft Visual Studio Solution File, Format Version 12.00
# Visual Studio Version 17
VisualStudioVersion = 17.11.35208.52
MinimumVisualStudioVersion = 10.0.40219.1
Project("{FAE04EC0-301F-11D3-BF4B-00C04F79EFBC}") = "belajarASP-new", "belajarASP-new.csproj", "{230581AC-08C9-406B-A6DD-6AEBA13BDF1A}"
EndProject
Global
	GlobalSection(SolutionConfigurationPlatforms) = preSolution
		Debug|Any CPU = Debug|Any CPU
		Release|Any CPU = Release|Any CPU
	EndGlobalSection
	GlobalSection(ProjectConfigurationPlatforms) = postSolution
		{230581AC-08C9-406B-A6DD-6AEBA13BDF1A}.Debug|Any CPU.ActiveCfg = Debug|Any CPU
		{230581AC-08C9-406B-A6DD-6AEBA13BDF1A}.Debug|Any CPU.Build.0 = Debug|Any CPU
		{230581AC-08C9-406B-A6DD-6AEBA13BDF1A}.Release|Any CPU.ActiveCfg = Release|Any CPU
		{230581AC-08C9-406B-A6DD-6AEBA13BDF1A}.Release|Any CPU.Build.0 = Release|Any CPU
	EndGlobalSection
	GlobalSection(SolutionProperties) = preSolution
		HideSolutionNode = FALSE
	EndGlobalSection
	GlobalSection(ExtensibilityGlobals) = postSolution
		SolutionGuid = {6847AB9E-3C0F-4717-9D22-C5DBF14FA5BF}
	EndGlobalSection
EndGlobal
